{
    "requires": true,
    "lockfileVersion": 1,
    "dependencies": {
        "tinymce": {
            "version": "5.6.2",
            "resolved": "https://registry.npmjs.org/tinymce/-/tinymce-5.6.2.tgz",
            "integrity": "sha512-z7zvM5seOPiW86/vqf08kStwW5Zs5U9oQfuqh2rTj4jEcT2QzxT0v72i2zw3W6rbTLldkAej6edFZphj5ee5zg=="
        }
    }
}
